
Microsoft Visual Studio Solution File, Format Version 12.00
# Visual Studio Version 16
VisualStudioVersion = 16.0.31515.178
MinimumVisualStudioVersion = 10.0.40219.1
Project("{9A19103F-16F7-4668-BE54-9A1E7A4F7556}") = "JuanPC.Pruebas.TCS.Gateway.Api", "JuanPC.Pruebas.TCS.Gateway.Api\JuanPC.Pruebas.TCS.Gateway.Api.csproj", "{5BFF068B-463E-465D-BA3A-A7FD7B2C1251}"
EndProject
Project("{9A19103F-16F7-4668-BE54-9A1E7A4F7556}") = "JuanPC.Pruebas.TCS.Core", "JuanPC.Pruebas.TCS.Core\JuanPC.Pruebas.TCS.Core.csproj", "{FE91DF3C-E430-47E1-9B16-2859B8D0CDF9}"
EndProject
Project("{9A19103F-16F7-4668-BE54-9A1E7A4F7556}") = "JuanPC.Pruebas.Infrastructure", "JuanPC.Pruebas.Infrastructure\JuanPC.Pruebas.Infrastructure.csproj", "{E242F29C-71FE-4AAD-8F02-EDF8C90C444B}"
EndProject
Project("{FAE04EC0-301F-11D3-BF4B-00C04F79EFBC}") = "TCS.Pruebas.Tests", "TCS.Pruebas.Tests\TCS.Pruebas.Tests.csproj", "{C27998D4-7C76-4243-8653-55E6410912D6}"
EndProject
Global
	GlobalSection(SolutionConfigurationPlatforms) = preSolution
		Debug|Any CPU = Debug|Any CPU
		Release|Any CPU = Release|Any CPU
	EndGlobalSection
	GlobalSection(ProjectConfigurationPlatforms) = postSolution
		{5BFF068B-463E-465D-BA3A-A7FD7B2C1251}.Debug|Any CPU.ActiveCfg = Debug|Any CPU
		{5BFF068B-463E-465D-BA3A-A7FD7B2C1251}.Debug|Any CPU.Build.0 = Debug|Any CPU
		{5BFF068B-463E-465D-BA3A-A7FD7B2C1251}.Release|Any CPU.ActiveCfg = Release|Any CPU
		{5BFF068B-463E-465D-BA3A-A7FD7B2C1251}.Release|Any CPU.Build.0 = Release|Any CPU
		{FE91DF3C-E430-47E1-9B16-2859B8D0CDF9}.Debug|Any CPU.ActiveCfg = Debug|Any CPU
		{FE91DF3C-E430-47E1-9B16-2859B8D0CDF9}.Debug|Any CPU.Build.0 = Debug|Any CPU
		{FE91DF3C-E430-47E1-9B16-2859B8D0CDF9}.Release|Any CPU.ActiveCfg = Release|Any CPU
		{FE91DF3C-E430-47E1-9B16-2859B8D0CDF9}.Release|Any CPU.Build.0 = Release|Any CPU
		{E242F29C-71FE-4AAD-8F02-EDF8C90C444B}.Debug|Any CPU.ActiveCfg = Debug|Any CPU
		{E242F29C-71FE-4AAD-8F02-EDF8C90C444B}.Debug|Any CPU.Build.0 = Debug|Any CPU
		{E242F29C-71FE-4AAD-8F02-EDF8C90C444B}.Release|Any CPU.ActiveCfg = Release|Any CPU
		{E242F29C-71FE-4AAD-8F02-EDF8C90C444B}.Release|Any CPU.Build.0 = Release|Any CPU
		{C27998D4-7C76-4243-8653-55E6410912D6}.Debug|Any CPU.ActiveCfg = Debug|Any CPU
		{C27998D4-7C76-4243-8653-55E6410912D6}.Debug|Any CPU.Build.0 = Debug|Any CPU
		{C27998D4-7C76-4243-8653-55E6410912D6}.Release|Any CPU.ActiveCfg = Release|Any CPU
		{C27998D4-7C76-4243-8653-55E6410912D6}.Release|Any CPU.Build.0 = Release|Any CPU
	EndGlobalSection
	GlobalSection(SolutionProperties) = preSolution
		HideSolutionNode = FALSE
	EndGlobalSection
	GlobalSection(ExtensibilityGlobals) = postSolution
		SolutionGuid = {760A4513-64A5-4C29-B7F9-CA50FD95F8FA}
	EndGlobalSection
EndGlobal
